github.com/chai2010/webp v1.1.1 h1:jTRmEccAJ4MGrhFOrPMpNGIJ/eybIgwKpcACsrTEapk=
github.com/chai2010/webp v1.1.1/go.mod h1:0XVwvZWdjjdxpUEIf7b9g9VkHFnInUSYujwqTLEuldU=
github.com/google/uuid v1.6.0 h1:NIvaJDMOsjHA8n1jAhLSgzrAzy1Hgr+hNrb57e+94F0=
github.com/google/uuid v1.6.0/go.mod h1:TIyPZe4MgqvfeYDBFedMoGGpEw/LqOeaOT+nhxU+yHo=
golang.org/x/exp v0.0.0-20240325151524-a685a6edb6d8 h1:aAcj0Da7eBAtrTp03QXWvm88pSyOt+UgdZw2BFZ+lEw=
golang.org/x/exp v0.0.0-20240325151524-a685a6edb6d8/go.mod h1:CQ1k9gNrJ50XIzaKCRR2hssIjF07kZFEiieALBM/ARQ=
